
Microsoft Visual Studio Solution File, Format Version 12.00
Project("{FAE04EC0-301F-11D3-BF4B-00C04F79EFBC}") = "Gambling my beloved", "Gambling my beloved.csproj", "{30DBBE53-54BA-4A7B-9E8D-6C1ED4A7D6D7}"
EndProject
Global
	GlobalSection(SolutionConfigurationPlatforms) = preSolution
		Debug|Any CPU = Debug|Any CPU
		Release|Any CPU = Release|Any CPU
	EndGlobalSection
	GlobalSection(ProjectConfigurationPlatforms) = postSolution
		{30DBBE53-54BA-4A7B-9E8D-6C1ED4A7D6D7}.Debug|Any CPU.ActiveCfg = Debug|Any CPU
		{30DBBE53-54BA-4A7B-9E8D-6C1ED4A7D6D7}.Debug|Any CPU.Build.0 = Debug|Any CPU
		{30DBBE53-54BA-4A7B-9E8D-6C1ED4A7D6D7}.Release|Any CPU.ActiveCfg = Release|Any CPU
		{30DBBE53-54BA-4A7B-9E8D-6C1ED4A7D6D7}.Release|Any CPU.Build.0 = Release|Any CPU
	EndGlobalSection
EndGlobal
